{
  "version": 4,
  "terraform_version": "1.3.6",
  "serial": 54,
  "lineage": "56ed03d8-7146-f469-a78d-b25d03b76acb",
  "outputs": {},
  "resources": [
    {
      "mode": "data",
      "type": "archive_file",
      "name": "zipfile",
      "provider": "provider[\"registry.terraform.io/hashicorp/archive\"]",
      "instances": [
        {
          "schema_version": 0,
          "attributes": {
            "excludes": null,
            "id": "42e339521c4b067c820bf0b7260e6c4c3c4606b8",
            "output_base64sha256": "IbZampKrrwb8wLK8/f2L+E6p/60lVf4ucmm+lBINBCY=",
            "output_file_mode": null,
            "output_md5": "23e21e4da05fde7f05e00fa2d398c576",
            "output_path": "../api/electricity-prices-2023-03-05-15-54-15.zip",
            "output_sha": "42e339521c4b067c820bf0b7260e6c4c3c4606b8",
            "output_size": 25253,
            "source": [],
            "source_content": null,
            "source_content_filename": null,
            "source_dir": "../api",
            "source_file": null,
            "type": "zip"
          },
          "sensitive_attributes": []
        }
      ]
    },
    {
      "mode": "data",
      "type": "azurerm_storage_account_blob_container_sas",
      "name": "blob_container_sas",
      "provider": "provider[\"registry.terraform.io/hashicorp/azurerm\"]",
      "instances": [
        {
          "schema_version": 0,
          "attributes": {
            "cache_control": null,
            "connection_string": "DefaultEndpointsProtocol=https;AccountName=epstorageaccount220614;AccountKey=1S232i7FG2RjYHAJtdwaeOJzr8L0aA60S4kz81sRx/jU4E8NqlJmbo8EqVeegtMrZI365Ns0RFZF+AStHmjAMA==;EndpointSuffix=core.windows.net",
            "container_name": "api",
            "content_disposition": null,
            "content_encoding": null,
            "content_language": null,
            "content_type": null,
            "expiry": "2025-01-01T00:00:00Z",
            "https_only": true,
            "id": "48b10a2579822ff2f2065c44249539c1c2f4424aeb906220fa5ad10dbeaeada1",
            "ip_address": null,
            "permissions": [
              {
                "add": false,
                "create": false,
                "delete": false,
                "list": false,
                "read": true,
                "write": false
              }
            ],
            "sas": "?sv=2018-11-09\u0026sr=c\u0026st=2023-01-01T00%3A00%3A00Z\u0026se=2025-01-01T00%3A00%3A00Z\u0026sp=r\u0026spr=https\u0026sig=WOH8x1HdpyXJhU4Y51oaHC7xd%2FfT1jywkurEiEhQNAk%3D",
            "start": "2023-01-01T00:00:00Z",
            "timeouts": null
          },
          "sensitive_attributes": [
            [
              {
                "type": "get_attr",
                "value": "connection_string"
              }
            ]
          ]
        }
      ]
    },
    {
      "mode": "managed",
      "type": "azurerm_application_insights",
      "name": "app-insights",
      "provider": "provider[\"registry.terraform.io/hashicorp/azurerm\"]",
      "instances": [
        {
          "schema_version": 1,
          "attributes": {
            "app_id": "fde320f9-1e7e-4638-9848-dfb5bea92495",
            "application_type": "web",
            "connection_string": "InstrumentationKey=6a5c76c6-cb00-412a-9e4a-11859619f725;IngestionEndpoint=https://northeurope-2.in.applicationinsights.azure.com/;LiveEndpoint=https://northeurope.livediagnostics.monitor.azure.com/",
            "daily_data_cap_in_gb": 100,
            "daily_data_cap_notifications_disabled": false,
            "disable_ip_masking": false,
            "force_customer_storage_for_profiler": false,
            "id": "/subscriptions/518aba77-825e-43b5-8e33-5dbdeaf4d8ac/resourceGroups/electricity-prices-rg/providers/Microsoft.Insights/components/appinsights",
            "instrumentation_key": "6a5c76c6-cb00-412a-9e4a-11859619f725",
            "internet_ingestion_enabled": true,
            "internet_query_enabled": true,
            "local_authentication_disabled": false,
            "location": "northeurope",
            "name": "appinsights",
            "resource_group_name": "electricity-prices-rg",
            "retention_in_days": 90,
            "sampling_percentage": 100,
            "tags": {},
            "timeouts": null,
            "workspace_id": "/subscriptions/518aba77-825e-43b5-8e33-5dbdeaf4d8ac/resourceGroups/electricity-prices-rg/providers/Microsoft.OperationalInsights/workspaces/log-analytics-workspace"
          },
          "sensitive_attributes": [],
          "private": "eyJlMmJmYjczMC1lY2FhLTExZTYtOGY4OC0zNDM2M2JjN2M0YzAiOnsiY3JlYXRlIjozNjAwMDAwMDAwMDAwLCJkZWxldGUiOjE4MDAwMDAwMDAwMDAsInJlYWQiOjMwMDAwMDAwMDAwMCwidXBkYXRlIjoxODAwMDAwMDAwMDAwfSwic2NoZW1hX3ZlcnNpb24iOiIxIn0=",
          "dependencies": [
            "azurerm_log_analytics_workspace.log-analytics-workspace",
            "azurerm_resource_group.electricity-prices-rg"
          ]
        }
      ]
    },
    {
      "mode": "managed",
      "type": "azurerm_linux_function_app",
      "name": "electricity-prices-app",
      "provider": "provider[\"registry.terraform.io/hashicorp/azurerm\"]",
      "instances": [
        {
          "schema_version": 0,
          "attributes": {
            "app_settings": {
              "AZURE_STORAGE_CONNECTION_STRING": "DefaultEndpointsProtocol=https;AccountName=epstorageaccount220614;AccountKey=1S232i7FG2RjYHAJtdwaeOJzr8L0aA60S4kz81sRx/jU4E8NqlJmbo8EqVeegtMrZI365Ns0RFZF+AStHmjAMA==;EndpointSuffix=core.windows.net",
              "WEBSITE_RUN_FROM_PACKAGE": "https://epstorageaccount220614.blob.core.windows.net/api/electricity-prices-2023-03-05-15-54-15.zip?sv=2018-11-09\u0026sr=c\u0026st=2023-01-01T00%3A00%3A00Z\u0026se=2025-01-01T00%3A00%3A00Z\u0026sp=r\u0026spr=https\u0026sig=WOH8x1HdpyXJhU4Y51oaHC7xd%2FfT1jywkurEiEhQNAk%3D"
            },
            "auth_settings": [],
            "auth_settings_v2": [],
            "backup": [],
            "builtin_logging_enabled": true,
            "client_certificate_enabled": false,
            "client_certificate_exclusion_paths": "",
            "client_certificate_mode": "Optional",
            "connection_string": [],
            "content_share_force_disabled": false,
            "custom_domain_verification_id": "BA94CC2BACE74073A922FD9DDC185CC1202D17219DD6E8BD98F608F2175EB6F8",
            "daily_memory_time_quota": 0,
            "default_hostname": "electricity-prices-app-220614.azurewebsites.net",
            "enabled": true,
            "functions_extension_version": "~4",
            "https_only": false,
            "id": "/subscriptions/518aba77-825e-43b5-8e33-5dbdeaf4d8ac/resourceGroups/electricity-prices-rg/providers/Microsoft.Web/sites/electricity-prices-app-220614",
            "identity": [],
            "key_vault_reference_identity_id": "SystemAssigned",
            "kind": "functionapp,linux",
            "location": "northeurope",
            "name": "electricity-prices-app-220614",
            "outbound_ip_address_list": [
              "52.178.158.175",
              "52.178.157.85",
              "52.178.154.170",
              "52.178.159.233",
              "52.178.157.162"
            ],
            "outbound_ip_addresses": "52.178.158.175,52.178.157.85,52.178.154.170,52.178.159.233,52.178.157.162",
            "possible_outbound_ip_address_list": [
              "52.178.158.175",
              "52.178.157.85",
              "52.178.154.170",
              "52.178.159.233",
              "52.178.157.162",
              "52.138.179.135",
              "52.169.12.39"
            ],
            "possible_outbound_ip_addresses": "52.178.158.175,52.178.157.85,52.178.154.170,52.178.159.233,52.178.157.162,52.138.179.135,52.169.12.39",
            "resource_group_name": "electricity-prices-rg",
            "service_plan_id": "/subscriptions/518aba77-825e-43b5-8e33-5dbdeaf4d8ac/resourceGroups/electricity-prices-rg/providers/Microsoft.Web/serverfarms/ep-app-service-plan",
            "site_config": [
              {
                "always_on": false,
                "api_definition_url": "",
                "api_management_api_id": "",
                "app_command_line": "",
                "app_scale_limit": 200,
                "app_service_logs": [],
                "application_insights_connection_string": "InstrumentationKey=6a5c76c6-cb00-412a-9e4a-11859619f725;IngestionEndpoint=https://northeurope-2.in.applicationinsights.azure.com/;LiveEndpoint=https://northeurope.livediagnostics.monitor.azure.com/",
                "application_insights_key": "",
                "application_stack": [
                  {
                    "docker": [],
                    "dotnet_version": "",
                    "java_version": "",
                    "node_version": "",
                    "powershell_core_version": "",
                    "python_version": "3.9",
                    "use_custom_runtime": false,
                    "use_dotnet_isolated_runtime": false
                  }
                ],
                "container_registry_managed_identity_client_id": "",
                "container_registry_use_managed_identity": false,
                "cors": [],
                "default_documents": [
                  "Default.htm",
                  "Default.html",
                  "Default.asp",
                  "index.htm",
                  "index.html",
                  "iisstart.htm",
                  "default.aspx",
                  "index.php"
                ],
                "detailed_error_logging_enabled": false,
                "elastic_instance_minimum": 0,
                "ftps_state": "Disabled",
                "health_check_eviction_time_in_min": 0,
                "health_check_path": "",
                "http2_enabled": false,
                "ip_restriction": [],
                "linux_fx_version": "PYTHON|3.9",
                "load_balancing_mode": "LeastRequests",
                "managed_pipeline_mode": "Integrated",
                "minimum_tls_version": "1.2",
                "pre_warmed_instance_count": 0,
                "remote_debugging_enabled": false,
                "remote_debugging_version": "",
                "runtime_scale_monitoring_enabled": false,
                "scm_ip_restriction": [],
                "scm_minimum_tls_version": "1.2",
                "scm_type": "None",
                "scm_use_main_ip_restriction": false,
                "use_32_bit_worker": false,
                "vnet_route_all_enabled": false,
                "websockets_enabled": false,
                "worker_count": 1
              }
            ],
            "site_credential": [
              {
                "name": "$electricity-prices-app-220614",
                "password": "irgjQxvckWowEs8mZNR8kqeCsDAku7baTaHGLYk7JFZpc5lceltZtYoqCJDX"
              }
            ],
            "sticky_settings": [],
            "storage_account": [],
            "storage_account_access_key": "1S232i7FG2RjYHAJtdwaeOJzr8L0aA60S4kz81sRx/jU4E8NqlJmbo8EqVeegtMrZI365Ns0RFZF+AStHmjAMA==",
            "storage_account_name": "epstorageaccount220614",
            "storage_key_vault_secret_id": "",
            "storage_uses_managed_identity": false,
            "tags": null,
            "timeouts": null,
            "virtual_network_subnet_id": ""
          },
          "sensitive_attributes": [
            [
              {
                "type": "get_attr",
                "value": "app_settings"
              },
              {
                "type": "index",
                "value": {
                  "value": "AZURE_STORAGE_CONNECTION_STRING",
                  "type": "string"
                }
              }
            ],
            [
              {
                "type": "get_attr",
                "value": "app_settings"
              },
              {
                "type": "index",
                "value": {
                  "value": "WEBSITE_RUN_FROM_PACKAGE",
                  "type": "string"
                }
              }
            ],
            [
              {
                "type": "get_attr",
                "value": "storage_account_access_key"
              }
            ]
          ],
          "private": "eyJlMmJmYjczMC1lY2FhLTExZTYtOGY4OC0zNDM2M2JjN2M0YzAiOnsiY3JlYXRlIjoxODAwMDAwMDAwMDAwLCJkZWxldGUiOjE4MDAwMDAwMDAwMDAsInJlYWQiOjMwMDAwMDAwMDAwMCwidXBkYXRlIjoxODAwMDAwMDAwMDAwfX0=",
          "dependencies": [
            "azurerm_application_insights.app-insights",
            "azurerm_resource_group.electricity-prices-rg",
            "azurerm_service_plan.ep-app-service-plan",
            "azurerm_storage_account.electricity-prices-sa",
            "azurerm_storage_blob.function_blob",
            "azurerm_storage_container.api",
            "data.azurerm_storage_account_blob_container_sas.blob_container_sas"
          ]
        }
      ]
    },
    {
      "mode": "managed",
      "type": "azurerm_log_analytics_workspace",
      "name": "log-analytics-workspace",
      "provider": "provider[\"registry.terraform.io/hashicorp/azurerm\"]",
      "instances": [
        {
          "schema_version": 3,
          "attributes": {
            "allow_resource_only_permissions": true,
            "cmk_for_query_forced": false,
            "daily_quota_gb": -1,
            "id": "/subscriptions/518aba77-825e-43b5-8e33-5dbdeaf4d8ac/resourceGroups/electricity-prices-rg/providers/Microsoft.OperationalInsights/workspaces/log-analytics-workspace",
            "internet_ingestion_enabled": true,
            "internet_query_enabled": true,
            "local_authentication_disabled": false,
            "location": "northeurope",
            "name": "log-analytics-workspace",
            "primary_shared_key": "jMRe4SxTLJG4XipOL0K1Xu/ua18eiYbS23IdRVqDjQmHbckVnXUghadgmE1tpLzSjBU/GJH7TCodiSTo1CW9eQ==",
            "reservation_capacity_in_gb_per_day": null,
            "resource_group_name": "electricity-prices-rg",
            "retention_in_days": 30,
            "secondary_shared_key": "JXRNkUl6vm2RQ/vSvzIJJ0HUfevPikGcj04v+QxSvPMB9M28WRfoV7SecWroWawQJr07obYDF8QqCqbvy6GZJA==",
            "sku": "PerGB2018",
            "tags": {},
            "timeouts": null,
            "workspace_id": "358da2f0-5dc7-4181-98ee-a03d0c191614"
          },
          "sensitive_attributes": [],
          "private": "eyJlMmJmYjczMC1lY2FhLTExZTYtOGY4OC0zNDM2M2JjN2M0YzAiOnsiY3JlYXRlIjoxODAwMDAwMDAwMDAwLCJkZWxldGUiOjE4MDAwMDAwMDAwMDAsInJlYWQiOjMwMDAwMDAwMDAwMCwidXBkYXRlIjoxODAwMDAwMDAwMDAwfSwic2NoZW1hX3ZlcnNpb24iOiIzIn0=",
          "dependencies": [
            "azurerm_resource_group.electricity-prices-rg"
          ]
        }
      ]
    },
    {
      "mode": "managed",
      "type": "azurerm_resource_group",
      "name": "electricity-prices-rg",
      "provider": "provider[\"registry.terraform.io/hashicorp/azurerm\"]",
      "instances": [
        {
          "schema_version": 0,
          "attributes": {
            "id": "/subscriptions/518aba77-825e-43b5-8e33-5dbdeaf4d8ac/resourceGroups/electricity-prices-rg",
            "location": "northeurope",
            "name": "electricity-prices-rg",
            "tags": {},
            "timeouts": null
          },
          "sensitive_attributes": [],
          "private": "eyJlMmJmYjczMC1lY2FhLTExZTYtOGY4OC0zNDM2M2JjN2M0YzAiOnsiY3JlYXRlIjo1NDAwMDAwMDAwMDAwLCJkZWxldGUiOjU0MDAwMDAwMDAwMDAsInJlYWQiOjMwMDAwMDAwMDAwMCwidXBkYXRlIjo1NDAwMDAwMDAwMDAwfX0="
        }
      ]
    },
    {
      "mode": "managed",
      "type": "azurerm_service_plan",
      "name": "ep-app-service-plan",
      "provider": "provider[\"registry.terraform.io/hashicorp/azurerm\"]",
      "instances": [
        {
          "schema_version": 0,
          "attributes": {
            "app_service_environment_id": "",
            "id": "/subscriptions/518aba77-825e-43b5-8e33-5dbdeaf4d8ac/resourceGroups/electricity-prices-rg/providers/Microsoft.Web/serverfarms/ep-app-service-plan",
            "kind": "functionapp",
            "location": "northeurope",
            "maximum_elastic_worker_count": 1,
            "name": "ep-app-service-plan",
            "os_type": "Linux",
            "per_site_scaling_enabled": false,
            "reserved": true,
            "resource_group_name": "electricity-prices-rg",
            "sku_name": "Y1",
            "tags": null,
            "timeouts": null,
            "worker_count": 0,
            "zone_balancing_enabled": false
          },
          "sensitive_attributes": [],
          "private": "eyJlMmJmYjczMC1lY2FhLTExZTYtOGY4OC0zNDM2M2JjN2M0YzAiOnsiY3JlYXRlIjozNjAwMDAwMDAwMDAwLCJkZWxldGUiOjM2MDAwMDAwMDAwMDAsInJlYWQiOjMwMDAwMDAwMDAwMCwidXBkYXRlIjozNjAwMDAwMDAwMDAwfX0=",
          "dependencies": [
            "azurerm_resource_group.electricity-prices-rg"
          ]
        }
      ]
    },
    {
      "mode": "managed",
      "type": "azurerm_storage_account",
      "name": "electricity-prices-sa",
      "provider": "provider[\"registry.terraform.io/hashicorp/azurerm\"]",
      "instances": [
        {
          "schema_version": 3,
          "attributes": {
            "access_tier": "Hot",
            "account_kind": "StorageV2",
            "account_replication_type": "LRS",
            "account_tier": "Standard",
            "allow_nested_items_to_be_public": true,
            "allowed_copy_scope": "",
            "azure_files_authentication": [],
            "blob_properties": [
              {
                "change_feed_enabled": false,
                "change_feed_retention_in_days": 0,
                "container_delete_retention_policy": [],
                "cors_rule": [],
                "default_service_version": "",
                "delete_retention_policy": [],
                "last_access_time_enabled": false,
                "restore_policy": [],
                "versioning_enabled": false
              }
            ],
            "cross_tenant_replication_enabled": true,
            "custom_domain": [],
            "customer_managed_key": [],
            "default_to_oauth_authentication": false,
            "edge_zone": "",
            "enable_https_traffic_only": true,
            "id": "/subscriptions/518aba77-825e-43b5-8e33-5dbdeaf4d8ac/resourceGroups/electricity-prices-rg/providers/Microsoft.Storage/storageAccounts/epstorageaccount220614",
            "identity": [],
            "immutability_policy": [],
            "infrastructure_encryption_enabled": false,
            "is_hns_enabled": false,
            "large_file_share_enabled": null,
            "location": "northeurope",
            "min_tls_version": "TLS1_2",
            "name": "epstorageaccount220614",
            "network_rules": [
              {
                "bypass": [
                  "AzureServices"
                ],
                "default_action": "Allow",
                "ip_rules": [],
                "private_link_access": [],
                "virtual_network_subnet_ids": []
              }
            ],
            "nfsv3_enabled": false,
            "primary_access_key": "1S232i7FG2RjYHAJtdwaeOJzr8L0aA60S4kz81sRx/jU4E8NqlJmbo8EqVeegtMrZI365Ns0RFZF+AStHmjAMA==",
            "primary_blob_connection_string": "DefaultEndpointsProtocol=https;BlobEndpoint=https://epstorageaccount220614.blob.core.windows.net/;AccountName=epstorageaccount220614;AccountKey=1S232i7FG2RjYHAJtdwaeOJzr8L0aA60S4kz81sRx/jU4E8NqlJmbo8EqVeegtMrZI365Ns0RFZF+AStHmjAMA==",
            "primary_blob_endpoint": "https://epstorageaccount220614.blob.core.windows.net/",
            "primary_blob_host": "epstorageaccount220614.blob.core.windows.net",
            "primary_connection_string": "DefaultEndpointsProtocol=https;AccountName=epstorageaccount220614;AccountKey=1S232i7FG2RjYHAJtdwaeOJzr8L0aA60S4kz81sRx/jU4E8NqlJmbo8EqVeegtMrZI365Ns0RFZF+AStHmjAMA==;EndpointSuffix=core.windows.net",
            "primary_dfs_endpoint": "https://epstorageaccount220614.dfs.core.windows.net/",
            "primary_dfs_host": "epstorageaccount220614.dfs.core.windows.net",
            "primary_file_endpoint": "https://epstorageaccount220614.file.core.windows.net/",
            "primary_file_host": "epstorageaccount220614.file.core.windows.net",
            "primary_location": "northeurope",
            "primary_queue_endpoint": "https://epstorageaccount220614.queue.core.windows.net/",
            "primary_queue_host": "epstorageaccount220614.queue.core.windows.net",
            "primary_table_endpoint": "https://epstorageaccount220614.table.core.windows.net/",
            "primary_table_host": "epstorageaccount220614.table.core.windows.net",
            "primary_web_endpoint": "https://epstorageaccount220614.z16.web.core.windows.net/",
            "primary_web_host": "epstorageaccount220614.z16.web.core.windows.net",
            "public_network_access_enabled": true,
            "queue_encryption_key_type": "Service",
            "queue_properties": [
              {
                "cors_rule": [],
                "hour_metrics": [
                  {
                    "enabled": true,
                    "include_apis": true,
                    "retention_policy_days": 7,
                    "version": "1.0"
                  }
                ],
                "logging": [
                  {
                    "delete": false,
                    "read": false,
                    "retention_policy_days": 0,
                    "version": "1.0",
                    "write": false
                  }
                ],
                "minute_metrics": [
                  {
                    "enabled": false,
                    "include_apis": false,
                    "retention_policy_days": 0,
                    "version": "1.0"
                  }
                ]
              }
            ],
            "resource_group_name": "electricity-prices-rg",
            "routing": [],
            "sas_policy": [],
            "secondary_access_key": "ieZZC/sz33WHM6Bu3B7pLGAArd6Jj5YB36GPh8FQBzllSIw+2scoBh/umPAuZjU/Md1bM3AOFfb9+AStdK/cOw==",
            "secondary_blob_connection_string": "",
            "secondary_blob_endpoint": null,
            "secondary_blob_host": null,
            "secondary_connection_string": "DefaultEndpointsProtocol=https;AccountName=epstorageaccount220614;AccountKey=ieZZC/sz33WHM6Bu3B7pLGAArd6Jj5YB36GPh8FQBzllSIw+2scoBh/umPAuZjU/Md1bM3AOFfb9+AStdK/cOw==;EndpointSuffix=core.windows.net",
            "secondary_dfs_endpoint": null,
            "secondary_dfs_host": null,
            "secondary_file_endpoint": null,
            "secondary_file_host": null,
            "secondary_location": "",
            "secondary_queue_endpoint": null,
            "secondary_queue_host": null,
            "secondary_table_endpoint": null,
            "secondary_table_host": null,
            "secondary_web_endpoint": null,
            "secondary_web_host": null,
            "sftp_enabled": false,
            "share_properties": [
              {
                "cors_rule": [],
                "retention_policy": [
                  {
                    "days": 7
                  }
                ],
                "smb": []
              }
            ],
            "shared_access_key_enabled": true,
            "static_website": [],
            "table_encryption_key_type": "Service",
            "tags": {},
            "timeouts": null
          },
          "sensitive_attributes": [],
          "private": "eyJlMmJmYjczMC1lY2FhLTExZTYtOGY4OC0zNDM2M2JjN2M0YzAiOnsiY3JlYXRlIjozNjAwMDAwMDAwMDAwLCJkZWxldGUiOjM2MDAwMDAwMDAwMDAsInJlYWQiOjMwMDAwMDAwMDAwMCwidXBkYXRlIjozNjAwMDAwMDAwMDAwfSwic2NoZW1hX3ZlcnNpb24iOiIzIn0=",
          "dependencies": [
            "azurerm_resource_group.electricity-prices-rg"
          ]
        }
      ]
    },
    {
      "mode": "managed",
      "type": "azurerm_storage_blob",
      "name": "function_blob",
      "provider": "provider[\"registry.terraform.io/hashicorp/azurerm\"]",
      "instances": [
        {
          "schema_version": 1,
          "attributes": {
            "access_tier": "Hot",
            "cache_control": "",
            "content_md5": "",
            "content_type": "application/octet-stream",
            "id": "https://epstorageaccount220614.blob.core.windows.net/api/electricity-prices-2023-03-05-15-54-15.zip",
            "metadata": {},
            "name": "electricity-prices-2023-03-05-15-54-15.zip",
            "parallelism": 8,
            "size": 0,
            "source": "../api/electricity-prices-2023-03-05-15-54-15.zip",
            "source_content": null,
            "source_uri": null,
            "storage_account_name": "epstorageaccount220614",
            "storage_container_name": "api",
            "timeouts": null,
            "type": "Block",
            "url": "https://epstorageaccount220614.blob.core.windows.net/api/electricity-prices-2023-03-05-15-54-15.zip"
          },
          "sensitive_attributes": [],
          "private": "eyJlMmJmYjczMC1lY2FhLTExZTYtOGY4OC0zNDM2M2JjN2M0YzAiOnsiY3JlYXRlIjoxODAwMDAwMDAwMDAwLCJkZWxldGUiOjE4MDAwMDAwMDAwMDAsInJlYWQiOjMwMDAwMDAwMDAwMCwidXBkYXRlIjoxODAwMDAwMDAwMDAwfSwic2NoZW1hX3ZlcnNpb24iOiIxIn0=",
          "dependencies": [
            "azurerm_storage_account.electricity-prices-sa",
            "azurerm_storage_container.api"
          ]
        }
      ]
    },
    {
      "mode": "managed",
      "type": "azurerm_storage_container",
      "name": "api",
      "provider": "provider[\"registry.terraform.io/hashicorp/azurerm\"]",
      "instances": [
        {
          "schema_version": 1,
          "attributes": {
            "container_access_type": "private",
            "has_immutability_policy": false,
            "has_legal_hold": false,
            "id": "https://epstorageaccount220614.blob.core.windows.net/api",
            "metadata": {},
            "name": "api",
            "resource_manager_id": "/subscriptions/518aba77-825e-43b5-8e33-5dbdeaf4d8ac/resourceGroups/electricity-prices-rg/providers/Microsoft.Storage/storageAccounts/epstorageaccount220614/blobServices/default/containers/api",
            "storage_account_name": "epstorageaccount220614",
            "timeouts": null
          },
          "sensitive_attributes": [],
          "private": "eyJlMmJmYjczMC1lY2FhLTExZTYtOGY4OC0zNDM2M2JjN2M0YzAiOnsiY3JlYXRlIjoxODAwMDAwMDAwMDAwLCJkZWxldGUiOjE4MDAwMDAwMDAwMDAsInJlYWQiOjMwMDAwMDAwMDAwMCwidXBkYXRlIjoxODAwMDAwMDAwMDAwfSwic2NoZW1hX3ZlcnNpb24iOiIxIn0=",
          "dependencies": [
            "azurerm_resource_group.electricity-prices-rg",
            "azurerm_storage_account.electricity-prices-sa"
          ]
        }
      ]
    }
  ],
  "check_results": null
}
